// !$*UTF8*$!
{
	archiveVersion = 1;
	classes = {
	};
	objectVersion = 46;
	objects = {

/* Begin PBXBuildFile section */
		1104C965CDFFBAB9778DAE67 /* Pods_semnet.framework in Frameworks */ = {isa = PBXBuildFile; fileRef = E2C7A590F9ACC52F33110809 /* Pods_semnet.framework */; };
		20269A64AE9726268FCDB992 /* Pods_semnetUITests.framework in Frameworks */ = {isa = PBXBuildFile; fileRef = 2FD3086E1825016E97D05049 /* Pods_semnetUITests.framework */; };
		6335B5421DEB597B007A62F0 /* AppDelegate.swift in Sources */ = {isa = PBXBuildFile; fileRef = 6335B5411DEB597B007A62F0 /* AppDelegate.swift */; };
		6335B5471DEB597B007A62F0 /* Main.storyboard in Resources */ = {isa = PBXBuildFile; fileRef = 6335B5451DEB597B007A62F0 /* Main.storyboard */; };
		6335B5491DEB597B007A62F0 /* Assets.xcassets in Resources */ = {isa = PBXBuildFile; fileRef = 6335B5481DEB597B007A62F0 /* Assets.xcassets */; };
		6335B54C1DEB597B007A62F0 /* LaunchScreen.storyboard in Resources */ = {isa = PBXBuildFile; fileRef = 6335B54A1DEB597B007A62F0 /* LaunchScreen.storyboard */; };
		6335B5571DEB597C007A62F0 /* semnetTests.swift in Sources */ = {isa = PBXBuildFile; fileRef = 6335B5561DEB597C007A62F0 /* semnetTests.swift */; };
		6335B5621DEB597C007A62F0 /* semnetUITests.swift in Sources */ = {isa = PBXBuildFile; fileRef = 6335B5611DEB597C007A62F0 /* semnetUITests.swift */; };
		6335B5701DEB59E5007A62F0 /* SignInVC.swift in Sources */ = {isa = PBXBuildFile; fileRef = 6335B56F1DEB59E5007A62F0 /* SignInVC.swift */; };
		6335B5721DEB5EDE007A62F0 /* SignUpVC.swift in Sources */ = {isa = PBXBuildFile; fileRef = 6335B5711DEB5EDE007A62F0 /* SignUpVC.swift */; };
		6335B5761DEB6368007A62F0 /* pp.jpg.gif in Resources */ = {isa = PBXBuildFile; fileRef = 6335B5751DEB6368007A62F0 /* pp.jpg.gif */; };
		6335B5781DECB630007A62F0 /* RestAPIManager.swift in Sources */ = {isa = PBXBuildFile; fileRef = 6335B5771DECB630007A62F0 /* RestAPIManager.swift */; };
		6335B57C1DECB9E7007A62F0 /* SwiftyJSON.swift in Sources */ = {isa = PBXBuildFile; fileRef = 6335B57B1DECB9E7007A62F0 /* SwiftyJSON.swift */; };
		6335B57E1DECCE15007A62F0 /* UserManager.swift in Sources */ = {isa = PBXBuildFile; fileRef = 6335B57D1DECCE15007A62F0 /* UserManager.swift */; };
		633D66C01DFA023C00A335BA /* NewPostVC.swift in Sources */ = {isa = PBXBuildFile; fileRef = 633D66BF1DFA023C00A335BA /* NewPostVC.swift */; };
		633D66C21DFC7D6900A335BA /* checked.png in Resources */ = {isa = PBXBuildFile; fileRef = 633D66C11DFC7D6900A335BA /* checked.png */; };
		633D66C61DFC87A000A335BA /* comment.png in Resources */ = {isa = PBXBuildFile; fileRef = 633D66C31DFC87A000A335BA /* comment.png */; };
		633D66C71DFC87A000A335BA /* like.png in Resources */ = {isa = PBXBuildFile; fileRef = 633D66C41DFC87A000A335BA /* like.png */; };
		633D66C81DFC87A000A335BA /* unlike.png in Resources */ = {isa = PBXBuildFile; fileRef = 633D66C51DFC87A000A335BA /* unlike.png */; };
		633D66CA1DFCA35600A335BA /* UnitTime.swift in Sources */ = {isa = PBXBuildFile; fileRef = 633D66C91DFCA35600A335BA /* UnitTime.swift */; };
		633D66CC1DFDA16400A335BA /* logout.png in Resources */ = {isa = PBXBuildFile; fileRef = 633D66CB1DFDA16400A335BA /* logout.png */; };
		63673F7D1DF8C28A00D330D9 /* finger.png in Resources */ = {isa = PBXBuildFile; fileRef = 63673F7C1DF8C28A00D330D9 /* finger.png */; };
		638308221DF2142C00067E17 /* FriendsTVC.swift in Sources */ = {isa = PBXBuildFile; fileRef = 638308211DF2142C00067E17 /* FriendsTVC.swift */; };
		638308241DF2145B00067E17 /* FriendsTVCell.swift in Sources */ = {isa = PBXBuildFile; fileRef = 638308231DF2145B00067E17 /* FriendsTVCell.swift */; };
		638308261DF2214C00067E17 /* back.png in Resources */ = {isa = PBXBuildFile; fileRef = 638308251DF2214C00067E17 /* back.png */; };
		638308281DF3013700067E17 /* SemNetUser.swift in Sources */ = {isa = PBXBuildFile; fileRef = 638308271DF3013700067E17 /* SemNetUser.swift */; };
		6383082C1DF31C4B00067E17 /* home.png in Resources */ = {isa = PBXBuildFile; fileRef = 638308291DF31C4B00067E17 /* home.png */; };
		6383082D1DF31C4B00067E17 /* home@2x.png in Resources */ = {isa = PBXBuildFile; fileRef = 6383082A1DF31C4B00067E17 /* home@2x.png */; };
		6383082E1DF31C4B00067E17 /* home@3x.png in Resources */ = {isa = PBXBuildFile; fileRef = 6383082B1DF31C4B00067E17 /* home@3x.png */; };
		638308321DF31D2A00067E17 /* users.png in Resources */ = {isa = PBXBuildFile; fileRef = 6383082F1DF31D2A00067E17 /* users.png */; };
		638308331DF31D2A00067E17 /* users@2x.png in Resources */ = {isa = PBXBuildFile; fileRef = 638308301DF31D2A00067E17 /* users@2x.png */; };
		638308341DF31D2A00067E17 /* users@3x.png in Resources */ = {isa = PBXBuildFile; fileRef = 638308311DF31D2A00067E17 /* users@3x.png */; };
		638308361DF31F0000067E17 /* SearchTVC.swift in Sources */ = {isa = PBXBuildFile; fileRef = 638308351DF31F0000067E17 /* SearchTVC.swift */; };
		638308381DF3203F00067E17 /* NavigationVC.swift in Sources */ = {isa = PBXBuildFile; fileRef = 638308371DF3203F00067E17 /* NavigationVC.swift */; };
		6383083C1DF33CB800067E17 /* ContentManager.swift in Sources */ = {isa = PBXBuildFile; fileRef = 6383083B1DF33CB800067E17 /* ContentManager.swift */; };
		6383083E1DF3520700067E17 /* Content.swift in Sources */ = {isa = PBXBuildFile; fileRef = 6383083D1DF3520700067E17 /* Content.swift */; };
		638308401DF362EF00067E17 /* EditProfileVC.swift in Sources */ = {isa = PBXBuildFile; fileRef = 6383083F1DF362EF00067E17 /* EditProfileVC.swift */; };
		638308421DF4385200067E17 /* FriendManager.swift in Sources */ = {isa = PBXBuildFile; fileRef = 638308411DF4385200067E17 /* FriendManager.swift */; };
		638308461DF4541F00067E17 /* camera.png in Resources */ = {isa = PBXBuildFile; fileRef = 638308431DF4541F00067E17 /* camera.png */; };
		638308471DF4541F00067E17 /* camera@2x.png in Resources */ = {isa = PBXBuildFile; fileRef = 638308441DF4541F00067E17 /* camera@2x.png */; };
		638308481DF4541F00067E17 /* camera@3x.png in Resources */ = {isa = PBXBuildFile; fileRef = 638308451DF4541F00067E17 /* camera@3x.png */; };
		6383084A1DF4553E00067E17 /* PhotoLibVC.swift in Sources */ = {isa = PBXBuildFile; fileRef = 638308491DF4553E00067E17 /* PhotoLibVC.swift */; };
		6383084E1DF4588000067E17 /* TabBarVC.swift in Sources */ = {isa = PBXBuildFile; fileRef = 6383084D1DF4588000067E17 /* TabBarVC.swift */; };
		638308501DF45B7F00067E17 /* PhotoLibManager.swift in Sources */ = {isa = PBXBuildFile; fileRef = 6383084F1DF45B7F00067E17 /* PhotoLibManager.swift */; };
		638308521DF4623E00067E17 /* PhotoLibCell.swift in Sources */ = {isa = PBXBuildFile; fileRef = 638308511DF4623E00067E17 /* PhotoLibCell.swift */; };
		638308641DF7486000067E17 /* AppHomeVC.swift in Sources */ = {isa = PBXBuildFile; fileRef = 638308631DF7486000067E17 /* AppHomeVC.swift */; };
		638308661DF7487D00067E17 /* AppHomeTVCell.swift in Sources */ = {isa = PBXBuildFile; fileRef = 638308651DF7487D00067E17 /* AppHomeTVCell.swift */; };
		6383086A1DF74FAA00067E17 /* feed.png in Resources */ = {isa = PBXBuildFile; fileRef = 638308671DF74FAA00067E17 /* feed.png */; };
		6383086B1DF74FAA00067E17 /* feed@2x.png in Resources */ = {isa = PBXBuildFile; fileRef = 638308681DF74FAA00067E17 /* feed@2x.png */; };
		6383086C1DF74FAA00067E17 /* feed@3x.png in Resources */ = {isa = PBXBuildFile; fileRef = 638308691DF74FAA00067E17 /* feed@3x.png */; };
		6383086E1DF754F600067E17 /* NewProfileVC.swift in Sources */ = {isa = PBXBuildFile; fileRef = 6383086D1DF754F600067E17 /* NewProfileVC.swift */; };
		638308701DF7551500067E17 /* NewProfileTVCell.swift in Sources */ = {isa = PBXBuildFile; fileRef = 6383086F1DF7551500067E17 /* NewProfileTVCell.swift */; };
		6645A555E2C5A6A3FD147073 /* Pods_semnetTests.framework in Frameworks */ = {isa = PBXBuildFile; fileRef = EC3B96ED5D3BC747641926CD /* Pods_semnetTests.framework */; };
/* End PBXBuildFile section */

/* Begin PBXContainerItemProxy section */
		6335B5531DEB597C007A62F0 /* PBXContainerItemProxy */ = {
			isa = PBXContainerItemProxy;
			containerPortal = 6335B5361DEB597B007A62F0 /* Project object */;
			proxyType = 1;
			remoteGlobalIDString = 6335B53D1DEB597B007A62F0;
			remoteInfo = semnet;
		};
		6335B55E1DEB597C007A62F0 /* PBXContainerItemProxy */ = {
			isa = PBXContainerItemProxy;
			containerPortal = 6335B5361DEB597B007A62F0 /* Project object */;
			proxyType = 1;
			remoteGlobalIDString = 6335B53D1DEB597B007A62F0;
			remoteInfo = semnet;
		};
/* End PBXContainerItemProxy section */

/* Begin PBXFileReference section */
		10C2EB42297069EB628DCB12 /* Pods-semnetTests.debug.xcconfig */ = {isa = PBXFileReference; includeInIndex = 1; lastKnownFileType = text.xcconfig; name = "Pods-semnetTests.debug.xcconfig"; path = "Pods/Target Support Files/Pods-semnetTests/Pods-semnetTests.debug.xcconfig"; sourceTree = "<group>"; };
		1B7623B648E751F626983D75 /* Pods-semnetUITests.debug.xcconfig */ = {isa = PBXFileReference; includeInIndex = 1; lastKnownFileType = text.xcconfig; name = "Pods-semnetUITests.debug.xcconfig"; path = "Pods/Target Support Files/Pods-semnetUITests/Pods-semnetUITests.debug.xcconfig"; sourceTree = "<group>"; };
		21A898099A58CD398543B8C5 /* Pods-semnetUITests.release.xcconfig */ = {isa = PBXFileReference; includeInIndex = 1; lastKnownFileType = text.xcconfig; name = "Pods-semnetUITests.release.xcconfig"; path = "Pods/Target Support Files/Pods-semnetUITests/Pods-semnetUITests.release.xcconfig"; sourceTree = "<group>"; };
		25969BC72521DA097CFF168E /* Pods-semnetTests.release.xcconfig */ = {isa = PBXFileReference; includeInIndex = 1; lastKnownFileType = text.xcconfig; name = "Pods-semnetTests.release.xcconfig"; path = "Pods/Target Support Files/Pods-semnetTests/Pods-semnetTests.release.xcconfig"; sourceTree = "<group>"; };
		2FD3086E1825016E97D05049 /* Pods_semnetUITests.framework */ = {isa = PBXFileReference; explicitFileType = wrapper.framework; includeInIndex = 0; path = Pods_semnetUITests.framework; sourceTree = BUILT_PRODUCTS_DIR; };
		42C1C6F8CD0EF779FC129DB2 /* Pods-semnet.debug.xcconfig */ = {isa = PBXFileReference; includeInIndex = 1; lastKnownFileType = text.xcconfig; name = "Pods-semnet.debug.xcconfig"; path = "Pods/Target Support Files/Pods-semnet/Pods-semnet.debug.xcconfig"; sourceTree = "<group>"; };
		6335B53E1DEB597B007A62F0 /* semnet.app */ = {isa = PBXFileReference; explicitFileType = wrapper.application; includeInIndex = 0; path = semnet.app; sourceTree = BUILT_PRODUCTS_DIR; };
		6335B5411DEB597B007A62F0 /* AppDelegate.swift */ = {isa = PBXFileReference; lastKnownFileType = sourcecode.swift; path = AppDelegate.swift; sourceTree = "<group>"; };
		6335B5461DEB597B007A62F0 /* Base */ = {isa = PBXFileReference; lastKnownFileType = file.storyboard; name = Base; path = Base.lproj/Main.storyboard; sourceTree = "<group>"; };
		6335B5481DEB597B007A62F0 /* Assets.xcassets */ = {isa = PBXFileReference; lastKnownFileType = folder.assetcatalog; path = Assets.xcassets; sourceTree = "<group>"; };
		6335B54B1DEB597B007A62F0 /* Base */ = {isa = PBXFileReference; lastKnownFileType = file.storyboard; name = Base; path = Base.lproj/LaunchScreen.storyboard; sourceTree = "<group>"; };
		6335B54D1DEB597B007A62F0 /* Info.plist */ = {isa = PBXFileReference; lastKnownFileType = text.plist.xml; path = Info.plist; sourceTree = "<group>"; };
		6335B5521DEB597C007A62F0 /* semnetTests.xctest */ = {isa = PBXFileReference; explicitFileType = wrapper.cfbundle; includeInIndex = 0; path = semnetTests.xctest; sourceTree = BUILT_PRODUCTS_DIR; };
		6335B5561DEB597C007A62F0 /* semnetTests.swift */ = {isa = PBXFileReference; lastKnownFileType = sourcecode.swift; path = semnetTests.swift; sourceTree = "<group>"; };
		6335B5581DEB597C007A62F0 /* Info.plist */ = {isa = PBXFileReference; lastKnownFileType = text.plist.xml; path = Info.plist; sourceTree = "<group>"; };
		6335B55D1DEB597C007A62F0 /* semnetUITests.xctest */ = {isa = PBXFileReference; explicitFileType = wrapper.cfbundle; includeInIndex = 0; path = semnetUITests.xctest; sourceTree = BUILT_PRODUCTS_DIR; };
		6335B5611DEB597C007A62F0 /* semnetUITests.swift */ = {isa = PBXFileReference; lastKnownFileType = sourcecode.swift; path = semnetUITests.swift; sourceTree = "<group>"; };
		6335B5631DEB597C007A62F0 /* Info.plist */ = {isa = PBXFileReference; lastKnownFileType = text.plist.xml; path = Info.plist; sourceTree = "<group>"; };
		6335B56F1DEB59E5007A62F0 /* SignInVC.swift */ = {isa = PBXFileReference; fileEncoding = 4; lastKnownFileType = sourcecode.swift; path = SignInVC.swift; sourceTree = "<group>"; };
		6335B5711DEB5EDE007A62F0 /* SignUpVC.swift */ = {isa = PBXFileReference; fileEncoding = 4; lastKnownFileType = sourcecode.swift; path = SignUpVC.swift; sourceTree = "<group>"; };
		6335B5751DEB6368007A62F0 /* pp.jpg.gif */ = {isa = PBXFileReference; lastKnownFileType = image.gif; path = pp.jpg.gif; sourceTree = "<group>"; };
		6335B5771DECB630007A62F0 /* RestAPIManager.swift */ = {isa = PBXFileReference; fileEncoding = 4; lastKnownFileType = sourcecode.swift; path = RestAPIManager.swift; sourceTree = "<group>"; };
		6335B57B1DECB9E7007A62F0 /* SwiftyJSON.swift */ = {isa = PBXFileReference; fileEncoding = 4; lastKnownFileType = sourcecode.swift; path = SwiftyJSON.swift; sourceTree = "<group>"; };
		6335B57D1DECCE15007A62F0 /* UserManager.swift */ = {isa = PBXFileReference; fileEncoding = 4; lastKnownFileType = sourcecode.swift; path = UserManager.swift; sourceTree = "<group>"; };
		6335B5871DEF704A007A62F0 /* Alamofire */ = {isa = PBXFileReference; lastKnownFileType = folder; name = Alamofire; path = Pods/Alamofire; sourceTree = "<group>"; };
		633D66BF1DFA023C00A335BA /* NewPostVC.swift */ = {isa = PBXFileReference; fileEncoding = 4; lastKnownFileType = sourcecode.swift; path = NewPostVC.swift; sourceTree = "<group>"; };
		633D66C11DFC7D6900A335BA /* checked.png */ = {isa = PBXFileReference; lastKnownFileType = image.png; path = checked.png; sourceTree = "<group>"; };
		633D66C31DFC87A000A335BA /* comment.png */ = {isa = PBXFileReference; lastKnownFileType = image.png; path = comment.png; sourceTree = "<group>"; };
		633D66C41DFC87A000A335BA /* like.png */ = {isa = PBXFileReference; lastKnownFileType = image.png; path = like.png; sourceTree = "<group>"; };
		633D66C51DFC87A000A335BA /* unlike.png */ = {isa = PBXFileReference; lastKnownFileType = image.png; path = unlike.png; sourceTree = "<group>"; };
		633D66C91DFCA35600A335BA /* UnitTime.swift */ = {isa = PBXFileReference; fileEncoding = 4; lastKnownFileType = sourcecode.swift; path = UnitTime.swift; sourceTree = "<group>"; };
		633D66CB1DFDA16400A335BA /* logout.png */ = {isa = PBXFileReference; lastKnownFileType = image.png; path = logout.png; sourceTree = "<group>"; };
		63673F7C1DF8C28A00D330D9 /* finger.png */ = {isa = PBXFileReference; lastKnownFileType = image.png; path = finger.png; sourceTree = "<group>"; };
		638308211DF2142C00067E17 /* FriendsTVC.swift */ = {isa = PBXFileReference; fileEncoding = 4; lastKnownFileType = sourcecode.swift; path = FriendsTVC.swift; sourceTree = "<group>"; };
		638308231DF2145B00067E17 /* FriendsTVCell.swift */ = {isa = PBXFileReference; fileEncoding = 4; lastKnownFileType = sourcecode.swift; path = FriendsTVCell.swift; sourceTree = "<group>"; };
		638308251DF2214C00067E17 /* back.png */ = {isa = PBXFileReference; lastKnownFileType = image.png; path = back.png; sourceTree = "<group>"; };
		638308271DF3013700067E17 /* SemNetUser.swift */ = {isa = PBXFileReference; fileEncoding = 4; lastKnownFileType = sourcecode.swift; path = SemNetUser.swift; sourceTree = "<group>"; };
		638308291DF31C4B00067E17 /* home.png */ = {isa = PBXFileReference; lastKnownFileType = image.png; path = home.png; sourceTree = "<group>"; };
		6383082A1DF31C4B00067E17 /* home@2x.png */ = {isa = PBXFileReference; lastKnownFileType = image.png; path = "home@2x.png"; sourceTree = "<group>"; };
		6383082B1DF31C4B00067E17 /* home@3x.png */ = {isa = PBXFileReference; lastKnownFileType = image.png; path = "home@3x.png"; sourceTree = "<group>"; };
		6383082F1DF31D2A00067E17 /* users.png */ = {isa = PBXFileReference; lastKnownFileType = image.png; path = users.png; sourceTree = "<group>"; };
		638308301DF31D2A00067E17 /* users@2x.png */ = {isa = PBXFileReference; lastKnownFileType = image.png; path = "users@2x.png"; sourceTree = "<group>"; };
		638308311DF31D2A00067E17 /* users@3x.png */ = {isa = PBXFileReference; lastKnownFileType = image.png; path = "users@3x.png"; sourceTree = "<group>"; };
		638308351DF31F0000067E17 /* SearchTVC.swift */ = {isa = PBXFileReference; fileEncoding = 4; lastKnownFileType = sourcecode.swift; path = SearchTVC.swift; sourceTree = "<group>"; };
		638308371DF3203F00067E17 /* NavigationVC.swift */ = {isa = PBXFileReference; fileEncoding = 4; lastKnownFileType = sourcecode.swift; path = NavigationVC.swift; sourceTree = "<group>"; };
		6383083B1DF33CB800067E17 /* ContentManager.swift */ = {isa = PBXFileReference; fileEncoding = 4; lastKnownFileType = sourcecode.swift; path = ContentManager.swift; sourceTree = "<group>"; };
		6383083D1DF3520700067E17 /* Content.swift */ = {isa = PBXFileReference; fileEncoding = 4; lastKnownFileType = sourcecode.swift; path = Content.swift; sourceTree = "<group>"; };
		6383083F1DF362EF00067E17 /* EditProfileVC.swift */ = {isa = PBXFileReference; fileEncoding = 4; lastKnownFileType = sourcecode.swift; path = EditProfileVC.swift; sourceTree = "<group>"; };
		638308411DF4385200067E17 /* FriendManager.swift */ = {isa = PBXFileReference; fileEncoding = 4; lastKnownFileType = sourcecode.swift; path = FriendManager.swift; sourceTree = "<group>"; };
		638308431DF4541F00067E17 /* camera.png */ = {isa = PBXFileReference; lastKnownFileType = image.png; path = camera.png; sourceTree = "<group>"; };
		638308441DF4541F00067E17 /* camera@2x.png */ = {isa = PBXFileReference; lastKnownFileType = image.png; path = "camera@2x.png"; sourceTree = "<group>"; };
		638308451DF4541F00067E17 /* camera@3x.png */ = {isa = PBXFileReference; lastKnownFileType = image.png; path = "camera@3x.png"; sourceTree = "<group>"; };
		638308491DF4553E00067E17 /* PhotoLibVC.swift */ = {isa = PBXFileReference; fileEncoding = 4; lastKnownFileType = sourcecode.swift; path = PhotoLibVC.swift; sourceTree = "<group>"; };
		6383084D1DF4588000067E17 /* TabBarVC.swift */ = {isa = PBXFileReference; fileEncoding = 4; lastKnownFileType = sourcecode.swift; path = TabBarVC.swift; sourceTree = "<group>"; };
		6383084F1DF45B7F00067E17 /* PhotoLibManager.swift */ = {isa = PBXFileReference; fileEncoding = 4; lastKnownFileType = sourcecode.swift; path = PhotoLibManager.swift; sourceTree = "<group>"; };
		638308511DF4623E00067E17 /* PhotoLibCell.swift */ = {isa = PBXFileReference; fileEncoding = 4; lastKnownFileType = sourcecode.swift; path = PhotoLibCell.swift; sourceTree = "<group>"; };
		638308631DF7486000067E17 /* AppHomeVC.swift */ = {isa = PBXFileReference; fileEncoding = 4; lastKnownFileType = sourcecode.swift; path = AppHomeVC.swift; sourceTree = "<group>"; };
		638308651DF7487D00067E17 /* AppHomeTVCell.swift */ = {isa = PBXFileReference; fileEncoding = 4; lastKnownFileType = sourcecode.swift; path = AppHomeTVCell.swift; sourceTree = "<group>"; };
		638308671DF74FAA00067E17 /* feed.png */ = {isa = PBXFileReference; lastKnownFileType = image.png; path = feed.png; sourceTree = "<group>"; };
		638308681DF74FAA00067E17 /* feed@2x.png */ = {isa = PBXFileReference; lastKnownFileType = image.png; path = "feed@2x.png"; sourceTree = "<group>"; };
		638308691DF74FAA00067E17 /* feed@3x.png */ = {isa = PBXFileReference; lastKnownFileType = image.png; path = "feed@3x.png"; sourceTree = "<group>"; };
		6383086D1DF754F600067E17 /* NewProfileVC.swift */ = {isa = PBXFileReference; fileEncoding = 4; lastKnownFileType = sourcecode.swift; path = NewProfileVC.swift; sourceTree = "<group>"; };
		6383086F1DF7551500067E17 /* NewProfileTVCell.swift */ = {isa = PBXFileReference; fileEncoding = 4; lastKnownFileType = sourcecode.swift; path = NewProfileTVCell.swift; sourceTree = "<group>"; };
		E2C7A590F9ACC52F33110809 /* Pods_semnet.framework */ = {isa = PBXFileReference; explicitFileType = wrapper.framework; includeInIndex = 0; path = Pods_semnet.framework; sourceTree = BUILT_PRODUCTS_DIR; };
		EC3B96ED5D3BC747641926CD /* Pods_semnetTests.framework */ = {isa = PBXFileReference; explicitFileType = wrapper.framework; includeInIndex = 0; path = Pods_semnetTests.framework; sourceTree = BUILT_PRODUCTS_DIR; };
		F78765BB3B5B0C797B159AD7 /* Pods-semnet.release.xcconfig */ = {isa = PBXFileReference; includeInIndex = 1; lastKnownFileType = text.xcconfig; name = "Pods-semnet.release.xcconfig"; path = "Pods/Target Support Files/Pods-semnet/Pods-semnet.release.xcconfig"; sourceTree = "<group>"; };
/* End PBXFileReference section */

/* Begin PBXFrameworksBuildPhase section */
		6335B53B1DEB597B007A62F0 /* Frameworks */ = {
			isa = PBXFrameworksBuildPhase;
			buildActionMask = 2147483647;
			files = (
				1104C965CDFFBAB9778DAE67 /* Pods_semnet.framework in Frameworks */,
			);
			runOnlyForDeploymentPostprocessing = 0;
		};
		6335B54F1DEB597C007A62F0 /* Frameworks */ = {
			isa = PBXFrameworksBuildPhase;
			buildActionMask = 2147483647;
			files = (
				6645A555E2C5A6A3FD147073 /* Pods_semnetTests.framework in Frameworks */,
			);
			runOnlyForDeploymentPostprocessing = 0;
		};
		6335B55A1DEB597C007A62F0 /* Frameworks */ = {
			isa = PBXFrameworksBuildPhase;
			buildActionMask = 2147483647;
			files = (
				20269A64AE9726268FCDB992 /* Pods_semnetUITests.framework in Frameworks */,
			);
			runOnlyForDeploymentPostprocessing = 0;
		};
/* End PBXFrameworksBuildPhase section */

/* Begin PBXGroup section */
		53C3445814A1A11142EC0E58 /* Pods */ = {
			isa = PBXGroup;
			children = (
				42C1C6F8CD0EF779FC129DB2 /* Pods-semnet.debug.xcconfig */,
				F78765BB3B5B0C797B159AD7 /* Pods-semnet.release.xcconfig */,
				10C2EB42297069EB628DCB12 /* Pods-semnetTests.debug.xcconfig */,
				25969BC72521DA097CFF168E /* Pods-semnetTests.release.xcconfig */,
				1B7623B648E751F626983D75 /* Pods-semnetUITests.debug.xcconfig */,
				21A898099A58CD398543B8C5 /* Pods-semnetUITests.release.xcconfig */,
			);
			name = Pods;
			sourceTree = "<group>";
		};
		6335B5351DEB597B007A62F0 = {
			isa = PBXGroup;
			children = (
				6335B5401DEB597B007A62F0 /* semnet */,
				6335B5551DEB597C007A62F0 /* semnetTests */,
				6335B5601DEB597C007A62F0 /* semnetUITests */,
				6335B53F1DEB597B007A62F0 /* Products */,
				53C3445814A1A11142EC0E58 /* Pods */,
				C9FE8BCA67ADBBBFFB16AD91 /* Frameworks */,
			);
			sourceTree = "<group>";
		};
		6335B53F1DEB597B007A62F0 /* Products */ = {
			isa = PBXGroup;
			children = (
				6335B53E1DEB597B007A62F0 /* semnet.app */,
				6335B5521DEB597C007A62F0 /* semnetTests.xctest */,
				6335B55D1DEB597C007A62F0 /* semnetUITests.xctest */,
			);
			name = Products;
			sourceTree = "<group>";
		};
		6335B5401DEB597B007A62F0 /* semnet */ = {
			isa = PBXGroup;
			children = (
				638308391DF33BEC00067E17 /* manager */,
				6383083A1DF33BFD00067E17 /* image */,
				6335B5481DEB597B007A62F0 /* Assets.xcassets */,
				6335B5451DEB597B007A62F0 /* Main.storyboard */,
				6335B5411DEB597B007A62F0 /* AppDelegate.swift */,
				6335B56F1DEB59E5007A62F0 /* SignInVC.swift */,
				6335B5711DEB5EDE007A62F0 /* SignUpVC.swift */,
				6335B54A1DEB597B007A62F0 /* LaunchScreen.storyboard */,
				6335B54D1DEB597B007A62F0 /* Info.plist */,
				638308211DF2142C00067E17 /* FriendsTVC.swift */,
				638308231DF2145B00067E17 /* FriendsTVCell.swift */,
				638308351DF31F0000067E17 /* SearchTVC.swift */,
				638308371DF3203F00067E17 /* NavigationVC.swift */,
				6383084D1DF4588000067E17 /* TabBarVC.swift */,
				6335B57B1DECB9E7007A62F0 /* SwiftyJSON.swift */,
				6383083F1DF362EF00067E17 /* EditProfileVC.swift */,
				638308491DF4553E00067E17 /* PhotoLibVC.swift */,
				638308511DF4623E00067E17 /* PhotoLibCell.swift */,
				638308631DF7486000067E17 /* AppHomeVC.swift */,
				638308651DF7487D00067E17 /* AppHomeTVCell.swift */,
				6383086D1DF754F600067E17 /* NewProfileVC.swift */,
				6383086F1DF7551500067E17 /* NewProfileTVCell.swift */,
				633D66BF1DFA023C00A335BA /* NewPostVC.swift */,
				633D66C91DFCA35600A335BA /* UnitTime.swift */,
			);
			path = semnet;
			sourceTree = "<group>";
		};
		6335B5551DEB597C007A62F0 /* semnetTests */ = {
			isa = PBXGroup;
			children = (
				6335B5561DEB597C007A62F0 /* semnetTests.swift */,
				6335B5581DEB597C007A62F0 /* Info.plist */,
			);
			path = semnetTests;
			sourceTree = "<group>";
		};
		6335B5601DEB597C007A62F0 /* semnetUITests */ = {
			isa = PBXGroup;
			children = (
				6335B5611DEB597C007A62F0 /* semnetUITests.swift */,
				6335B5631DEB597C007A62F0 /* Info.plist */,
			);
			path = semnetUITests;
			sourceTree = "<group>";
		};
		638308391DF33BEC00067E17 /* manager */ = {
			isa = PBXGroup;
			children = (
				6335B5771DECB630007A62F0 /* RestAPIManager.swift */,
				6335B57D1DECCE15007A62F0 /* UserManager.swift */,
				6383083B1DF33CB800067E17 /* ContentManager.swift */,
				638308271DF3013700067E17 /* SemNetUser.swift */,
				6383083D1DF3520700067E17 /* Content.swift */,
				638308411DF4385200067E17 /* FriendManager.swift */,
				6383084F1DF45B7F00067E17 /* PhotoLibManager.swift */,
			);
			name = manager;
			sourceTree = "<group>";
		};
		6383083A1DF33BFD00067E17 /* image */ = {
			isa = PBXGroup;
			children = (
				633D66CB1DFDA16400A335BA /* logout.png */,
				633D66C31DFC87A000A335BA /* comment.png */,
				633D66C41DFC87A000A335BA /* like.png */,
				633D66C51DFC87A000A335BA /* unlike.png */,
				633D66C11DFC7D6900A335BA /* checked.png */,
				63673F7C1DF8C28A00D330D9 /* finger.png */,
				638308671DF74FAA00067E17 /* feed.png */,
				638308681DF74FAA00067E17 /* feed@2x.png */,
				638308691DF74FAA00067E17 /* feed@3x.png */,
				638308431DF4541F00067E17 /* camera.png */,
				638308441DF4541F00067E17 /* camera@2x.png */,
				638308451DF4541F00067E17 /* camera@3x.png */,
				6383082F1DF31D2A00067E17 /* users.png */,
				638308301DF31D2A00067E17 /* users@2x.png */,
				638308311DF31D2A00067E17 /* users@3x.png */,
				638308291DF31C4B00067E17 /* home.png */,
				6383082A1DF31C4B00067E17 /* home@2x.png */,
				6383082B1DF31C4B00067E17 /* home@3x.png */,
				6335B5751DEB6368007A62F0 /* pp.jpg.gif */,
				638308251DF2214C00067E17 /* back.png */,
			);
			name = image;
			sourceTree = "<group>";
		};
		C9FE8BCA67ADBBBFFB16AD91 /* Frameworks */ = {
			isa = PBXGroup;
			children = (
				6335B5871DEF704A007A62F0 /* Alamofire */,
				E2C7A590F9ACC52F33110809 /* Pods_semnet.framework */,
				EC3B96ED5D3BC747641926CD /* Pods_semnetTests.framework */,
				2FD3086E1825016E97D05049 /* Pods_semnetUITests.framework */,
			);
			name = Frameworks;
			sourceTree = "<group>";
		};
/* End PBXGroup section */

/* Begin PBXNativeTarget section */
		6335B53D1DEB597B007A62F0 /* semnet */ = {
			isa = PBXNativeTarget;
			buildConfigurationList = 6335B5661DEB597C007A62F0 /* Build configuration list for PBXNativeTarget "semnet" */;
			buildPhases = (
				11017C0AFAFEF8C093AC39B1 /* [CP] Check Pods Manifest.lock */,
				6335B53A1DEB597B007A62F0 /* Sources */,
				6335B53B1DEB597B007A62F0 /* Frameworks */,
				6335B53C1DEB597B007A62F0 /* Resources */,
				FF0FF516D9258988449F3746 /* [CP] Embed Pods Frameworks */,
				863446EA71198F121754385B /* [CP] Copy Pods Resources */,
			);
			buildRules = (
			);
			dependencies = (
			);
			name = semnet;
			productName = semnet;
			productReference = 6335B53E1DEB597B007A62F0 /* semnet.app */;
			productType = "com.apple.product-type.application";
		};
		6335B5511DEB597C007A62F0 /* semnetTests */ = {
			isa = PBXNativeTarget;
			buildConfigurationList = 6335B5691DEB597C007A62F0 /* Build configuration list for PBXNativeTarget "semnetTests" */;
			buildPhases = (
				AD5BF8942FE9570501313303 /* [CP] Check Pods Manifest.lock */,
				6335B54E1DEB597C007A62F0 /* Sources */,
				6335B54F1DEB597C007A62F0 /* Frameworks */,
				6335B5501DEB597C007A62F0 /* Resources */,
				C5E488E08B4433CFD9756A01 /* [CP] Embed Pods Frameworks */,
				1FDD2BCAE57760277BBFB7D6 /* [CP] Copy Pods Resources */,
			);
			buildRules = (
			);
			dependencies = (
				6335B5541DEB597C007A62F0 /* PBXTargetDependency */,
			);
			name = semnetTests;
			productName = semnetTests;
			productReference = 6335B5521DEB597C007A62F0 /* semnetTests.xctest */;
			productType = "com.apple.product-type.bundle.unit-test";
		};
		6335B55C1DEB597C007A62F0 /* semnetUITests */ = {
			isa = PBXNativeTarget;
			buildConfigurationList = 6335B56C1DEB597C007A62F0 /* Build configuration list for PBXNativeTarget "semnetUITests" */;
			buildPhases = (
				D60E9418748CB91118F5AD4D /* [CP] Check Pods Manifest.lock */,
				6335B5591DEB597C007A62F0 /* Sources */,
				6335B55A1DEB597C007A62F0 /* Frameworks */,
				6335B55B1DEB597C007A62F0 /* Resources */,
				83AC60B7C1F013DE05447E29 /* [CP] Embed Pods Frameworks */,
				BE49271D4803220FBEA4ED31 /* [CP] Copy Pods Resources */,
			);
			buildRules = (
			);
			dependencies = (
				6335B55F1DEB597C007A62F0 /* PBXTargetDependency */,
			);
			name = semnetUITests;
			productName = semnetUITests;
			productReference = 6335B55D1DEB597C007A62F0 /* semnetUITests.xctest */;
			productType = "com.apple.product-type.bundle.ui-testing";
		};
/* End PBXNativeTarget section */

/* Begin PBXProject section */
		6335B5361DEB597B007A62F0 /* Project object */ = {
			isa = PBXProject;
			attributes = {
				LastSwiftUpdateCheck = 0810;
				LastUpgradeCheck = 0810;
				ORGANIZATIONNAME = celikel;
				TargetAttributes = {
					6335B53D1DEB597B007A62F0 = {
						CreatedOnToolsVersion = 8.1;
						DevelopmentTeam = AGBLUEDS86;
						ProvisioningStyle = Automatic;
					};
					6335B5511DEB597C007A62F0 = {
						CreatedOnToolsVersion = 8.1;
						ProvisioningStyle = Automatic;
						TestTargetID = 6335B53D1DEB597B007A62F0;
					};
					6335B55C1DEB597C007A62F0 = {
						CreatedOnToolsVersion = 8.1;
						ProvisioningStyle = Automatic;
						TestTargetID = 6335B53D1DEB597B007A62F0;
					};
				};
			};
			buildConfigurationList = 6335B5391DEB597B007A62F0 /* Build configuration list for PBXProject "semnet" */;
			compatibilityVersion = "Xcode 3.2";
			developmentRegion = English;
			hasScannedForEncodings = 0;
			knownRegions = (
				en,
				Base,
			);
			mainGroup = 6335B5351DEB597B007A62F0;
			productRefGroup = 6335B53F1DEB597B007A62F0 /* Products */;
			projectDirPath = "";
			projectRoot = "";
			targets = (
				6335B53D1DEB597B007A62F0 /* semnet */,
				6335B5511DEB597C007A62F0 /* semnetTests */,
				6335B55C1DEB597C007A62F0 /* semnetUITests */,
			);
		};
/* End PBXProject section */

/* Begin PBXResourcesBuildPhase section */
		6335B53C1DEB597B007A62F0 /* Resources */ = {
			isa = PBXResourcesBuildPhase;
			buildActionMask = 2147483647;
			files = (
				6335B54C1DEB597B007A62F0 /* LaunchScreen.storyboard in Resources */,
				633D66CC1DFDA16400A335BA /* logout.png in Resources */,
				638308261DF2214C00067E17 /* back.png in Resources */,
				638308481DF4541F00067E17 /* camera@3x.png in Resources */,
				638308341DF31D2A00067E17 /* users@3x.png in Resources */,
				63673F7D1DF8C28A00D330D9 /* finger.png in Resources */,
				633D66C21DFC7D6900A335BA /* checked.png in Resources */,
				6383082E1DF31C4B00067E17 /* home@3x.png in Resources */,
				638308331DF31D2A00067E17 /* users@2x.png in Resources */,
				6383082C1DF31C4B00067E17 /* home.png in Resources */,
				6383086C1DF74FAA00067E17 /* feed@3x.png in Resources */,
				6335B5761DEB6368007A62F0 /* pp.jpg.gif in Resources */,
				633D66C71DFC87A000A335BA /* like.png in Resources */,
				6335B5491DEB597B007A62F0 /* Assets.xcassets in Resources */,
				638308321DF31D2A00067E17 /* users.png in Resources */,
				638308471DF4541F00067E17 /* camera@2x.png in Resources */,
				6383086A1DF74FAA00067E17 /* feed.png in Resources */,
				6383086B1DF74FAA00067E17 /* feed@2x.png in Resources */,
				6383082D1DF31C4B00067E17 /* home@2x.png in Resources */,
				633D66C61DFC87A000A335BA /* comment.png in Resources */,
				638308461DF4541F00067E17 /* camera.png in Resources */,
				6335B5471DEB597B007A62F0 /* Main.storyboard in Resources */,
				633D66C81DFC87A000A335BA /* unlike.png in Resources */,
			);
			runOnlyForDeploymentPostprocessing = 0;
		};
		6335B5501DEB597C007A62F0 /* Resources */ = {
			isa = PBXResourcesBuildPhase;
			buildActionMask = 2147483647;
			files = (
			);
			runOnlyForDeploymentPostprocessing = 0;
		};
		6335B55B1DEB597C007A62F0 /* Resources */ = {
			isa = PBXResourcesBuildPhase;
			buildActionMask = 2147483647;
			files = (
			);
			runOnlyForDeploymentPostprocessing = 0;
		};
/* End PBXResourcesBuildPhase section */

/* Begin PBXShellScriptBuildPhase section */
		11017C0AFAFEF8C093AC39B1 /* [CP] Check Pods Manifest.lock */ = {
			isa = PBXShellScriptBuildPhase;
			buildActionMask = 2147483647;
			files = (
			);
			inputPaths = (
			);
			name = "[CP] Check Pods Manifest.lock";
			outputPaths = (
			);
			runOnlyForDeploymentPostprocessing = 0;
			shellPath = /bin/sh;
			shellScript = "diff \"${PODS_ROOT}/../Podfile.lock\" \"${PODS_ROOT}/Manifest.lock\" > /dev/null\nif [ $? != 0 ] ; then\n    # print error to STDERR\n    echo \"error: The sandbox is not in sync with the Podfile.lock. Run 'pod install' or update your CocoaPods installation.\" >&2\n    exit 1\nfi\n";
			showEnvVarsInLog = 0;
		};
		1FDD2BCAE57760277BBFB7D6 /* [CP] Copy Pods Resources */ = {
			isa = PBXShellScriptBuildPhase;
			buildActionMask = 2147483647;
			files = (
			);
			inputPaths = (
			);
			name = "[CP] Copy Pods Resources";
			outputPaths = (
			);
			runOnlyForDeploymentPostprocessing = 0;
			shellPath = /bin/sh;
			shellScript = "\"${SRCROOT}/Pods/Target Support Files/Pods-semnetTests/Pods-semnetTests-resources.sh\"\n";
			showEnvVarsInLog = 0;
		};
		83AC60B7C1F013DE05447E29 /* [CP] Embed Pods Frameworks */ = {
			isa = PBXShellScriptBuildPhase;
			buildActionMask = 2147483647;
			files = (
			);
			inputPaths = (
			);
			name = "[CP] Embed Pods Frameworks";
			outputPaths = (
			);
			runOnlyForDeploymentPostprocessing = 0;
			shellPath = /bin/sh;
			shellScript = "\"${SRCROOT}/Pods/Target Support Files/Pods-semnetUITests/Pods-semnetUITests-frameworks.sh\"\n";
			showEnvVarsInLog = 0;
		};
		863446EA71198F121754385B /* [CP] Copy Pods Resources */ = {
			isa = PBXShellScriptBuildPhase;
			buildActionMask = 2147483647;
			files = (
			);
			inputPaths = (
			);
			name = "[CP] Copy Pods Resources";
			outputPaths = (
			);
			runOnlyForDeploymentPostprocessing = 0;
			shellPath = /bin/sh;
			shellScript = "\"${SRCROOT}/Pods/Target Support Files/Pods-semnet/Pods-semnet-resources.sh\"\n";
			showEnvVarsInLog = 0;
		};
		AD5BF8942FE9570501313303 /* [CP] Check Pods Manifest.lock */ = {
			isa = PBXShellScriptBuildPhase;
			buildActionMask = 2147483647;
			files = (
			);
			inputPaths = (
			);
			name = "[CP] Check Pods Manifest.lock";
			outputPaths = (
			);
			runOnlyForDeploymentPostprocessing = 0;
			shellPath = /bin/sh;
			shellScript = "diff \"${PODS_ROOT}/../Podfile.lock\" \"${PODS_ROOT}/Manifest.lock\" > /dev/null\nif [ $? != 0 ] ; then\n    # print error to STDERR\n    echo \"error: The sandbox is not in sync with the Podfile.lock. Run 'pod install' or update your CocoaPods installation.\" >&2\n    exit 1\nfi\n";
			showEnvVarsInLog = 0;
		};
		BE49271D4803220FBEA4ED31 /* [CP] Copy Pods Resources */ = {
			isa = PBXShellScriptBuildPhase;
			buildActionMask = 2147483647;
			files = (
			);
			inputPaths = (
			);
			name = "[CP] Copy Pods Resources";
			outputPaths = (
			);
			runOnlyForDeploymentPostprocessing = 0;
			shellPath = /bin/sh;
			shellScript = "\"${SRCROOT}/Pods/Target Support Files/Pods-semnetUITests/Pods-semnetUITests-resources.sh\"\n";
			showEnvVarsInLog = 0;
		};
		C5E488E08B4433CFD9756A01 /* [CP] Embed Pods Frameworks */ = {
			isa = PBXShellScriptBuildPhase;
			buildActionMask = 2147483647;
			files = (
			);
			inputPaths = (
			);
			name = "[CP] Embed Pods Frameworks";
			outputPaths = (
			);
			runOnlyForDeploymentPostprocessing = 0;
			shellPath = /bin/sh;
			shellScript = "\"${SRCROOT}/Pods/Target Support Files/Pods-semnetTests/Pods-semnetTests-frameworks.sh\"\n";
			showEnvVarsInLog = 0;
		};
		D60E9418748CB91118F5AD4D /* [CP] Check Pods Manifest.lock */ = {
			isa = PBXShellScriptBuildPhase;
			buildActionMask = 2147483647;
			files = (
			);
			inputPaths = (
			);
			name = "[CP] Check Pods Manifest.lock";
			outputPaths = (
			);
			runOnlyForDeploymentPostprocessing = 0;
			shellPath = /bin/sh;
			shellScript = "diff \"${PODS_ROOT}/../Podfile.lock\" \"${PODS_ROOT}/Manifest.lock\" > /dev/null\nif [ $? != 0 ] ; then\n    # print error to STDERR\n    echo \"error: The sandbox is not in sync with the Podfile.lock. Run 'pod install' or update your CocoaPods installation.\" >&2\n    exit 1\nfi\n";
			showEnvVarsInLog = 0;
		};
		FF0FF516D9258988449F3746 /* [CP] Embed Pods Frameworks */ = {
			isa = PBXShellScriptBuildPhase;
			buildActionMask = 2147483647;
			files = (
			);
			inputPaths = (
			);
			name = "[CP] Embed Pods Frameworks";
			outputPaths = (
			);
			runOnlyForDeploymentPostprocessing = 0;
			shellPath = /bin/sh;
			shellScript = "\"${SRCROOT}/Pods/Target Support Files/Pods-semnet/Pods-semnet-frameworks.sh\"\n";
			showEnvVarsInLog = 0;
		};
/* End PBXShellScriptBuildPhase section */

/* Begin PBXSourcesBuildPhase section */
		6335B53A1DEB597B007A62F0 /* Sources */ = {
			isa = PBXSourcesBuildPhase;
			buildActionMask = 2147483647;
			files = (
				638308381DF3203F00067E17 /* NavigationVC.swift in Sources */,
				6383083C1DF33CB800067E17 /* ContentManager.swift in Sources */,
				633D66C01DFA023C00A335BA /* NewPostVC.swift in Sources */,
				6383084E1DF4588000067E17 /* TabBarVC.swift in Sources */,
				6335B57E1DECCE15007A62F0 /* UserManager.swift in Sources */,
				6383083E1DF3520700067E17 /* Content.swift in Sources */,
				633D66CA1DFCA35600A335BA /* UnitTime.swift in Sources */,
				638308641DF7486000067E17 /* AppHomeVC.swift in Sources */,
				638308241DF2145B00067E17 /* FriendsTVCell.swift in Sources */,
				6383086E1DF754F600067E17 /* NewProfileVC.swift in Sources */,
				638308521DF4623E00067E17 /* PhotoLibCell.swift in Sources */,
				638308401DF362EF00067E17 /* EditProfileVC.swift in Sources */,
				638308361DF31F0000067E17 /* SearchTVC.swift in Sources */,
				638308501DF45B7F00067E17 /* PhotoLibManager.swift in Sources */,
				6335B5701DEB59E5007A62F0 /* SignInVC.swift in Sources */,
				6335B5721DEB5EDE007A62F0 /* SignUpVC.swift in Sources */,
				638308701DF7551500067E17 /* NewProfileTVCell.swift in Sources */,
				6335B5781DECB630007A62F0 /* RestAPIManager.swift in Sources */,
				6383084A1DF4553E00067E17 /* PhotoLibVC.swift in Sources */,
				638308661DF7487D00067E17 /* AppHomeTVCell.swift in Sources */,
				638308421DF4385200067E17 /* FriendManager.swift in Sources */,
				6335B57C1DECB9E7007A62F0 /* SwiftyJSON.swift in Sources */,
				6335B5421DEB597B007A62F0 /* AppDelegate.swift in Sources */,
				638308281DF3013700067E17 /* SemNetUser.swift in Sources */,
				638308221DF2142C00067E17 /* FriendsTVC.swift in Sources */,
			);
			runOnlyForDeploymentPostprocessing = 0;
		};
		6335B54E1DEB597C007A62F0 /* Sources */ = {
			isa = PBXSourcesBuildPhase;
			buildActionMask = 2147483647;
			files = (
				6335B5571DEB597C007A62F0 /* semnetTests.swift in Sources */,
			);
			runOnlyForDeploymentPostprocessing = 0;
		};
		6335B5591DEB597C007A62F0 /* Sources */ = {
			isa = PBXSourcesBuildPhase;
			buildActionMask = 2147483647;
			files = (
				6335B5621DEB597C007A62F0 /* semnetUITests.swift in Sources */,
			);
			runOnlyForDeploymentPostprocessing = 0;
		};
/* End PBXSourcesBuildPhase section */

/* Begin PBXTargetDependency section */
		6335B5541DEB597C007A62F0 /* PBXTargetDependency */ = {
			isa = PBXTargetDependency;
			target = 6335B53D1DEB597B007A62F0 /* semnet */;
			targetProxy = 6335B5531DEB597C007A62F0 /* PBXContainerItemProxy */;
		};
		6335B55F1DEB597C007A62F0 /* PBXTargetDependency */ = {
			isa = PBXTargetDependency;
			target = 6335B53D1DEB597B007A62F0 /* semnet */;
			targetProxy = 6335B55E1DEB597C007A62F0 /* PBXContainerItemProxy */;
		};
/* End PBXTargetDependency section */

/* Begin PBXVariantGroup section */
		6335B5451DEB597B007A62F0 /* Main.storyboard */ = {
			isa = PBXVariantGroup;
			children = (
				6335B5461DEB597B007A62F0 /* Base */,
			);
			name = Main.storyboard;
			sourceTree = "<group>";
		};
		6335B54A1DEB597B007A62F0 /* LaunchScreen.storyboard */ = {
			isa = PBXVariantGroup;
			children = (
				6335B54B1DEB597B007A62F0 /* Base */,
			);
			name = LaunchScreen.storyboard;
			sourceTree = "<group>";
		};
/* End PBXVariantGroup section */

/* Begin XCBuildConfiguration section */
		6335B5641DEB597C007A62F0 /* Debug */ = {
			isa = XCBuildConfiguration;
			buildSettings = {
				ALWAYS_SEARCH_USER_PATHS = NO;
				CLANG_ANALYZER_NONNULL = YES;
				CLANG_CXX_LANGUAGE_STANDARD = "gnu++0x";
				CLANG_CXX_LIBRARY = "libc++";
				CLANG_ENABLE_MODULES = YES;
				CLANG_ENABLE_OBJC_ARC = YES;
				CLANG_WARN_BOOL_CONVERSION = YES;
				CLANG_WARN_CONSTANT_CONVERSION = YES;
				CLANG_WARN_DIRECT_OBJC_ISA_USAGE = YES_ERROR;
				CLANG_WARN_DOCUMENTATION_COMMENTS = YES;
				CLANG_WARN_EMPTY_BODY = YES;
				CLANG_WARN_ENUM_CONVERSION = YES;
				CLANG_WARN_INFINITE_RECURSION = YES;
				CLANG_WARN_INT_CONVERSION = YES;
				CLANG_WARN_OBJC_ROOT_CLASS = YES_ERROR;
				CLANG_WARN_SUSPICIOUS_MOVES = YES;
				CLANG_WARN_UNREACHABLE_CODE = YES;
				CLANG_WARN__DUPLICATE_METHOD_MATCH = YES;
				"CODE_SIGN_IDENTITY[sdk=iphoneos*]" = "iPhone Developer";
				COPY_PHASE_STRIP = NO;
				DEBUG_INFORMATION_FORMAT = dwarf;
				ENABLE_STRICT_OBJC_MSGSEND = YES;
				ENABLE_TESTABILITY = YES;
				GCC_C_LANGUAGE_STANDARD = gnu99;
				GCC_DYNAMIC_NO_PIC = NO;
				GCC_NO_COMMON_BLOCKS = YES;
				GCC_OPTIMIZATION_LEVEL = 0;
				GCC_PREPROCESSOR_DEFINITIONS = (
					"DEBUG=1",
					"$(inherited)",
				);
				GCC_WARN_64_TO_32_BIT_CONVERSION = YES;
				GCC_WARN_ABOUT_RETURN_TYPE = YES_ERROR;
				GCC_WARN_UNDECLARED_SELECTOR = YES;
				GCC_WARN_UNINITIALIZED_AUTOS = YES_AGGRESSIVE;
				GCC_WARN_UNUSED_FUNCTION = YES;
				GCC_WARN_UNUSED_VARIABLE = YES;
				IPHONEOS_DEPLOYMENT_TARGET = 10.1;
				MTL_ENABLE_DEBUG_INFO = YES;
				ONLY_ACTIVE_ARCH = YES;
				SDKROOT = iphoneos;
				SWIFT_ACTIVE_COMPILATION_CONDITIONS = DEBUG;
				SWIFT_OPTIMIZATION_LEVEL = "-Onone";
			};
			name = Debug;
		};
		6335B5651DEB597C007A62F0 /* Release */ = {
			isa = XCBuildConfiguration;
			buildSettings = {
				ALWAYS_SEARCH_USER_PATHS = NO;
				CLANG_ANALYZER_NONNULL = YES;
				CLANG_CXX_LANGUAGE_STANDARD = "gnu++0x";
				CLANG_CXX_LIBRARY = "libc++";
				CLANG_ENABLE_MODULES = YES;
				CLANG_ENABLE_OBJC_ARC = YES;
				CLANG_WARN_BOOL_CONVERSION = YES;
				CLANG_WARN_CONSTANT_CONVERSION = YES;
				CLANG_WARN_DIRECT_OBJC_ISA_USAGE = YES_ERROR;
				CLANG_WARN_DOCUMENTATION_COMMENTS = YES;
				CLANG_WARN_EMPTY_BODY = YES;
				CLANG_WARN_ENUM_CONVERSION = YES;
				CLANG_WARN_INFINITE_RECURSION = YES;
				CLANG_WARN_INT_CONVERSION = YES;
				CLANG_WARN_OBJC_ROOT_CLASS = YES_ERROR;
				CLANG_WARN_SUSPICIOUS_MOVES = YES;
				CLANG_WARN_UNREACHABLE_CODE = YES;
				CLANG_WARN__DUPLICATE_METHOD_MATCH = YES;
				"CODE_SIGN_IDENTITY[sdk=iphoneos*]" = "iPhone Developer";
				COPY_PHASE_STRIP = NO;
				DEBUG_INFORMATION_FORMAT = "dwarf-with-dsym";
				ENABLE_NS_ASSERTIONS = NO;
				ENABLE_STRICT_OBJC_MSGSEND = YES;
				GCC_C_LANGUAGE_STANDARD = gnu99;
				GCC_NO_COMMON_BLOCKS = YES;
				GCC_WARN_64_TO_32_BIT_CONVERSION = YES;
				GCC_WARN_ABOUT_RETURN_TYPE = YES_ERROR;
				GCC_WARN_UNDECLARED_SELECTOR = YES;
				GCC_WARN_UNINITIALIZED_AUTOS = YES_AGGRESSIVE;
				GCC_WARN_UNUSED_FUNCTION = YES;
				GCC_WARN_UNUSED_VARIABLE = YES;
				IPHONEOS_DEPLOYMENT_TARGET = 10.1;
				MTL_ENABLE_DEBUG_INFO = NO;
				SDKROOT = iphoneos;
				SWIFT_OPTIMIZATION_LEVEL = "-Owholemodule";
				VALIDATE_PRODUCT = YES;
			};
			name = Release;
		};
		6335B5671DEB597C007A62F0 /* Debug */ = {
			isa = XCBuildConfiguration;
			baseConfigurationReference = 42C1C6F8CD0EF779FC129DB2 /* Pods-semnet.debug.xcconfig */;
			buildSettings = {
				ASSETCATALOG_COMPILER_APPICON_NAME = AppIcon;
				DEVELOPMENT_TEAM = AGBLUEDS86;
				INFOPLIST_FILE = semnet/Info.plist;
				LD_RUNPATH_SEARCH_PATHS = "$(inherited) @executable_path/Frameworks";
				PRODUCT_BUNDLE_IDENTIFIER = com.boun.semnet;
				PRODUCT_NAME = "$(TARGET_NAME)";
				SWIFT_VERSION = 3.0;
			};
			name = Debug;
		};
		6335B5681DEB597C007A62F0 /* Release */ = {
			isa = XCBuildConfiguration;
			baseConfigurationReference = F78765BB3B5B0C797B159AD7 /* Pods-semnet.release.xcconfig */;
			buildSettings = {
				ASSETCATALOG_COMPILER_APPICON_NAME = AppIcon;
				DEVELOPMENT_TEAM = AGBLUEDS86;
				INFOPLIST_FILE = semnet/Info.plist;
				LD_RUNPATH_SEARCH_PATHS = "$(inherited) @executable_path/Frameworks";
				PRODUCT_BUNDLE_IDENTIFIER = com.boun.semnet;
				PRODUCT_NAME = "$(TARGET_NAME)";
				SWIFT_VERSION = 3.0;
			};
			name = Release;
		};
		6335B56A1DEB597C007A62F0 /* Debug */ = {
			isa = XCBuildConfiguration;
			baseConfigurationReference = 10C2EB42297069EB628DCB12 /* Pods-semnetTests.debug.xcconfig */;
			buildSettings = {
				ALWAYS_EMBED_SWIFT_STANDARD_LIBRARIES = YES;
				BUNDLE_LOADER = "$(TEST_HOST)";
				INFOPLIST_FILE = semnetTests/Info.plist;
				LD_RUNPATH_SEARCH_PATHS = "$(inherited) @executable_path/Frameworks @loader_path/Frameworks";
				PRODUCT_BUNDLE_IDENTIFIER = com.boun.semnetTests;
				PRODUCT_NAME = "$(TARGET_NAME)";
				SWIFT_VERSION = 3.0;
				TEST_HOST = "$(BUILT_PRODUCTS_DIR)/semnet.app/semnet";
			};
			name = Debug;
		};
		6335B56B1DEB597C007A62F0 /* Release */ = {
			isa = XCBuildConfiguration;
			baseConfigurationReference = 25969BC72521DA097CFF168E /* Pods-semnetTests.release.xcconfig */;
			buildSettings = {
				ALWAYS_EMBED_SWIFT_STANDARD_LIBRARIES = YES;
				BUNDLE_LOADER = "$(TEST_HOST)";
				INFOPLIST_FILE = semnetTests/Info.plist;
				LD_RUNPATH_SEARCH_PATHS = "$(inherited) @executable_path/Frameworks @loader_path/Frameworks";
				PRODUCT_BUNDLE_IDENTIFIER = com.boun.semnetTests;
				PRODUCT_NAME = "$(TARGET_NAME)";
				SWIFT_VERSION = 3.0;
				TEST_HOST = "$(BUILT_PRODUCTS_DIR)/semnet.app/semnet";
			};
			name = Release;
		};
		6335B56D1DEB597C007A62F0 /* Debug */ = {
			isa = XCBuildConfiguration;
			baseConfigurationReference = 1B7623B648E751F626983D75 /* Pods-semnetUITests.debug.xcconfig */;
			buildSettings = {
				ALWAYS_EMBED_SWIFT_STANDARD_LIBRARIES = YES;
				INFOPLIST_FILE = semnetUITests/Info.plist;
				LD_RUNPATH_SEARCH_PATHS = "$(inherited) @executable_path/Frameworks @loader_path/Frameworks";
				PRODUCT_BUNDLE_IDENTIFIER = com.boun.semnetUITests;
				PRODUCT_NAME = "$(TARGET_NAME)";
				SWIFT_VERSION = 3.0;
				TEST_TARGET_NAME = semnet;
			};
			name = Debug;
		};
		6335B56E1DEB597C007A62F0 /* Release */ = {
			isa = XCBuildConfiguration;
			baseConfigurationReference = 21A898099A58CD398543B8C5 /* Pods-semnetUITests.release.xcconfig */;
			buildSettings = {
				ALWAYS_EMBED_SWIFT_STANDARD_LIBRARIES = YES;
				INFOPLIST_FILE = semnetUITests/Info.plist;
				LD_RUNPATH_SEARCH_PATHS = "$(inherited) @executable_path/Frameworks @loader_path/Frameworks";
				PRODUCT_BUNDLE_IDENTIFIER = com.boun.semnetUITests;
				PRODUCT_NAME = "$(TARGET_NAME)";
				SWIFT_VERSION = 3.0;
				TEST_TARGET_NAME = semnet;
			};
			name = Release;
		};
/* End XCBuildConfiguration section */

/* Begin XCConfigurationList section */
		6335B5391DEB597B007A62F0 /* Build configuration list for PBXProject "semnet" */ = {
			isa = XCConfigurationList;
			buildConfigurations = (
				6335B5641DEB597C007A62F0 /* Debug */,
				6335B5651DEB597C007A62F0 /* Release */,
			);
			defaultConfigurationIsVisible = 0;
			defaultConfigurationName = Release;
		};
		6335B5661DEB597C007A62F0 /* Build configuration list for PBXNativeTarget "semnet" */ = {
			isa = XCConfigurationList;
			buildConfigurations = (
				6335B5671DEB597C007A62F0 /* Debug */,
				6335B5681DEB597C007A62F0 /* Release */,
			);
			defaultConfigurationIsVisible = 0;
			defaultConfigurationName = Release;
		};
		6335B5691DEB597C007A62F0 /* Build configuration list for PBXNativeTarget "semnetTests" */ = {
			isa = XCConfigurationList;
			buildConfigurations = (
				6335B56A1DEB597C007A62F0 /* Debug */,
				6335B56B1DEB597C007A62F0 /* Release */,
			);
			defaultConfigurationIsVisible = 0;
			defaultConfigurationName = Release;
		};
		6335B56C1DEB597C007A62F0 /* Build configuration list for PBXNativeTarget "semnetUITests" */ = {
			isa = XCConfigurationList;
			buildConfigurations = (
				6335B56D1DEB597C007A62F0 /* Debug */,
				6335B56E1DEB597C007A62F0 /* Release */,
			);
			defaultConfigurationIsVisible = 0;
			defaultConfigurationName = Release;
		};
/* End XCConfigurationList section */
	};
	rootObject = 6335B5361DEB597B007A62F0 /* Project object */;
}
